
Microsoft Visual Studio Solution File, Format Version 12.00
# Visual Studio Version 18
VisualStudioVersion = 18.1.11304.174 d18.0
MinimumVisualStudioVersion = 10.0.40219.1
Project("{2150E333-8FDC-42A3-9474-1A3956D46DE8}") = "Library", "Library", "{02EA681E-C7D8-13C7-8484-4AC65E1B71E8}"
EndProject
Project("{2150E333-8FDC-42A3-9474-1A3956D46DE8}") = "Presentation", "Presentation", "{24FFB0E3-259A-491F-BF8F-42D3B208B6FE}"
EndProject
Project("{2150E333-8FDC-42A3-9474-1A3956D46DE8}") = "Testing", "Testing", "{6E440B8B-5140-421B-AA9B-BE8A590118D6}"
EndProject
Project("{FAE04EC0-301F-11D3-BF4B-00C04F79EFBC}") = "TestProject-xUnit", "TestProject-xUnit\TestProject-xUnit.csproj", "{BBDBCD07-6B10-4120-B4EB-763789902BD7}"
EndProject
Project("{FAE04EC0-301F-11D3-BF4B-00C04F79EFBC}") = "Domain", "Votify.Domain\Domain.csproj", "{B4CE98D5-247B-4DA5-9768-4C63016B2F83}"
EndProject
Project("{FAE04EC0-301F-11D3-BF4B-00C04F79EFBC}") = "Persistance", "Votify.Persistance\Persistance.csproj", "{D786CE02-5EC2-456A-887D-81CA4249DFFB}"
EndProject
Project("{FAE04EC0-301F-11D3-BF4B-00C04F79EFBC}") = "BusinessLogic", "Votify.BusinessLogic\BusinessLogic.csproj", "{FDFCDD8D-FCAD-4CCD-8E1F-C2483D524BDA}"
EndProject
Project("{FAE04EC0-301F-11D3-BF4B-00C04F79EFBC}") = "API", "API\API.csproj", "{BDFE6FF9-17D6-45DD-A8F5-E604476E8A7D}"
EndProject
Project("{2150E333-8FDC-42A3-9474-1A3956D46DE8}") = "Doc", "Doc", "{69E13539-1E7C-4D74-BCC7-3A961BF90CBB}"
EndProject
Project("{FAE04EC0-301F-11D3-BF4B-00C04F79EFBC}") = "Docss", "Docss\Docss.csproj", "{896B220A-D271-4BC9-ADA2-22698A3CD4F2}"
EndProject
Project("{FAE04EC0-301F-11D3-BF4B-00C04F79EFBC}") = "Web", "Web\Web.csproj", "{EED78A9D-802F-4FCC-8458-4365443427D9}"
EndProject
Project("{FAE04EC0-301F-11D3-BF4B-00C04F79EFBC}") = "Shared", "Shared\Shared.csproj", "{0A94B365-61FD-460F-981E-33BB05932BF6}"
EndProject
Global
	GlobalSection(SolutionConfigurationPlatforms) = preSolution
		Debug|Any CPU = Debug|Any CPU
		Release|Any CPU = Release|Any CPU
	EndGlobalSection
	GlobalSection(ProjectConfigurationPlatforms) = postSolution
		{BBDBCD07-6B10-4120-B4EB-763789902BD7}.Debug|Any CPU.ActiveCfg = Debug|Any CPU
		{BBDBCD07-6B10-4120-B4EB-763789902BD7}.Debug|Any CPU.Build.0 = Debug|Any CPU
		{BBDBCD07-6B10-4120-B4EB-763789902BD7}.Release|Any CPU.ActiveCfg = Release|Any CPU
		{BBDBCD07-6B10-4120-B4EB-763789902BD7}.Release|Any CPU.Build.0 = Release|Any CPU
		{B4CE98D5-247B-4DA5-9768-4C63016B2F83}.Debug|Any CPU.ActiveCfg = Debug|Any CPU
		{B4CE98D5-247B-4DA5-9768-4C63016B2F83}.Debug|Any CPU.Build.0 = Debug|Any CPU
		{B4CE98D5-247B-4DA5-9768-4C63016B2F83}.Release|Any CPU.ActiveCfg = Release|Any CPU
		{B4CE98D5-247B-4DA5-9768-4C63016B2F83}.Release|Any CPU.Build.0 = Release|Any CPU
		{D786CE02-5EC2-456A-887D-81CA4249DFFB}.Debug|Any CPU.ActiveCfg = Debug|Any CPU
		{D786CE02-5EC2-456A-887D-81CA4249DFFB}.Debug|Any CPU.Build.0 = Debug|Any CPU
		{D786CE02-5EC2-456A-887D-81CA4249DFFB}.Release|Any CPU.ActiveCfg = Release|Any CPU
		{D786CE02-5EC2-456A-887D-81CA4249DFFB}.Release|Any CPU.Build.0 = Release|Any CPU
		{FDFCDD8D-FCAD-4CCD-8E1F-C2483D524BDA}.Debug|Any CPU.ActiveCfg = Debug|Any CPU
		{FDFCDD8D-FCAD-4CCD-8E1F-C2483D524BDA}.Debug|Any CPU.Build.0 = Debug|Any CPU
		{FDFCDD8D-FCAD-4CCD-8E1F-C2483D524BDA}.Release|Any CPU.ActiveCfg = Release|Any CPU
		{FDFCDD8D-FCAD-4CCD-8E1F-C2483D524BDA}.Release|Any CPU.Build.0 = Release|Any CPU
		{BDFE6FF9-17D6-45DD-A8F5-E604476E8A7D}.Debug|Any CPU.ActiveCfg = Debug|Any CPU
		{BDFE6FF9-17D6-45DD-A8F5-E604476E8A7D}.Debug|Any CPU.Build.0 = Debug|Any CPU
		{BDFE6FF9-17D6-45DD-A8F5-E604476E8A7D}.Release|Any CPU.ActiveCfg = Release|Any CPU
		{BDFE6FF9-17D6-45DD-A8F5-E604476E8A7D}.Release|Any CPU.Build.0 = Release|Any CPU
		{896B220A-D271-4BC9-ADA2-22698A3CD4F2}.Debug|Any CPU.ActiveCfg = Debug|Any CPU
		{896B220A-D271-4BC9-ADA2-22698A3CD4F2}.Debug|Any CPU.Build.0 = Debug|Any CPU
		{896B220A-D271-4BC9-ADA2-22698A3CD4F2}.Release|Any CPU.ActiveCfg = Release|Any CPU
		{896B220A-D271-4BC9-ADA2-22698A3CD4F2}.Release|Any CPU.Build.0 = Release|Any CPU
		{EED78A9D-802F-4FCC-8458-4365443427D9}.Debug|Any CPU.ActiveCfg = Debug|Any CPU
		{EED78A9D-802F-4FCC-8458-4365443427D9}.Debug|Any CPU.Build.0 = Debug|Any CPU
		{EED78A9D-802F-4FCC-8458-4365443427D9}.Release|Any CPU.ActiveCfg = Release|Any CPU
		{EED78A9D-802F-4FCC-8458-4365443427D9}.Release|Any CPU.Build.0 = Release|Any CPU
		{0A94B365-61FD-460F-981E-33BB05932BF6}.Debug|Any CPU.ActiveCfg = Debug|Any CPU
		{0A94B365-61FD-460F-981E-33BB05932BF6}.Debug|Any CPU.Build.0 = Debug|Any CPU
		{0A94B365-61FD-460F-981E-33BB05932BF6}.Release|Any CPU.ActiveCfg = Release|Any CPU
		{0A94B365-61FD-460F-981E-33BB05932BF6}.Release|Any CPU.Build.0 = Release|Any CPU
	EndGlobalSection
	GlobalSection(SolutionProperties) = preSolution
		HideSolutionNode = FALSE
	EndGlobalSection
	GlobalSection(NestedProjects) = preSolution
		{BBDBCD07-6B10-4120-B4EB-763789902BD7} = {6E440B8B-5140-421B-AA9B-BE8A590118D6}
		{B4CE98D5-247B-4DA5-9768-4C63016B2F83} = {02EA681E-C7D8-13C7-8484-4AC65E1B71E8}
		{D786CE02-5EC2-456A-887D-81CA4249DFFB} = {02EA681E-C7D8-13C7-8484-4AC65E1B71E8}
		{FDFCDD8D-FCAD-4CCD-8E1F-C2483D524BDA} = {02EA681E-C7D8-13C7-8484-4AC65E1B71E8}
		{BDFE6FF9-17D6-45DD-A8F5-E604476E8A7D} = {24FFB0E3-259A-491F-BF8F-42D3B208B6FE}
		{896B220A-D271-4BC9-ADA2-22698A3CD4F2} = {69E13539-1E7C-4D74-BCC7-3A961BF90CBB}
		{EED78A9D-802F-4FCC-8458-4365443427D9} = {24FFB0E3-259A-491F-BF8F-42D3B208B6FE}
		{0A94B365-61FD-460F-981E-33BB05932BF6} = {02EA681E-C7D8-13C7-8484-4AC65E1B71E8}
	EndGlobalSection
	GlobalSection(ExtensibilityGlobals) = postSolution
		SolutionGuid = {D4A9C755-C285-421F-862A-30836A7780B2}
	EndGlobalSection
EndGlobal
